
Microsoft Visual Studio Solution File, Format Version 12.00
# Visual Studio Version 17
VisualStudioVersion = 17.7.34202.233
MinimumVisualStudioVersion = 10.0.40219.1
Project("{FAE04EC0-301F-11D3-BF4B-00C04F79EFBC}") = "Timer_", "Timer_\Timer_.csproj", "{9D1E1532-FB23-4F2A-882A-BE8145B96A02}"
EndProject
Project("{FAE04EC0-301F-11D3-BF4B-00C04F79EFBC}") = "Clock", "Clock\Clock.csproj", "{AF959874-643A-4854-8183-CFDFE215149C}"
EndProject
Global
	GlobalSection(SolutionConfigurationPlatforms) = preSolution
		Debug|Any CPU = Debug|Any CPU
		Release|Any CPU = Release|Any CPU
	EndGlobalSection
	GlobalSection(ProjectConfigurationPlatforms) = postSolution
		{9D1E1532-FB23-4F2A-882A-BE8145B96A02}.Debug|Any CPU.ActiveCfg = Debug|Any CPU
		{9D1E1532-FB23-4F2A-882A-BE8145B96A02}.Debug|Any CPU.Build.0 = Debug|Any CPU
		{9D1E1532-FB23-4F2A-882A-BE8145B96A02}.Release|Any CPU.ActiveCfg = Release|Any CPU
		{9D1E1532-FB23-4F2A-882A-BE8145B96A02}.Release|Any CPU.Build.0 = Release|Any CPU
		{AF959874-643A-4854-8183-CFDFE215149C}.Debug|Any CPU.ActiveCfg = Debug|Any CPU
		{AF959874-643A-4854-8183-CFDFE215149C}.Debug|Any CPU.Build.0 = Debug|Any CPU
		{AF959874-643A-4854-8183-CFDFE215149C}.Release|Any CPU.ActiveCfg = Release|Any CPU
		{AF959874-643A-4854-8183-CFDFE215149C}.Release|Any CPU.Build.0 = Release|Any CPU
	EndGlobalSection
	GlobalSection(SolutionProperties) = preSolution
		HideSolutionNode = FALSE
	EndGlobalSection
	GlobalSection(ExtensibilityGlobals) = postSolution
		SolutionGuid = {CD793A57-7679-4EDA-BBB6-C850346DF769}
	EndGlobalSection
EndGlobal
